# THIS IS AN AUTOGENERATED FILE. DO NOT EDIT THIS FILE DIRECTLY.
# yarn lockfile v1


"@vuepress/plugin-back-to-top@^1.8.2":
  version "1.8.2"
  resolved "https://registry.nlark.com/@vuepress/plugin-back-to-top/download/@vuepress/plugin-back-to-top-1.8.2.tgz#e9794409d1d589e4952b0700291270d2696e6d01"
  integrity sha1-6XlECdHVieSVKwcAKRJw0mlubQE=
  dependencies:
    lodash.debounce "^4.0.8"

lodash.debounce@^4.0.8:
  version "4.0.8"
  resolved "https://registry.nlark.com/lodash.debounce/download/lodash.debounce-4.0.8.tgz?cache=0&sync_timestamp=1618847031591&other_urls=https%3A%2F%2Fregistry.nlark.com%2Flodash.debounce%2Fdownload%2Flodash.debounce-4.0.8.tgz#82d79bff30a67c4005ffd5e2515300ad9ca4d7af"
  integrity sha1-gteb/zCmfEAF/9XiUVMArZyk168=
